{
  "lockfileVersion": 2,
  "configVersion": 1,
  "workspaces": {
    "": {
      "name": "ytdl-minter",
      "dependencies": {
        "bgutils-js": "^4.0.3",
      },
    },
  },
  "packages": {
    "bgutils-js": ["bgutils-js@4.0.3", "", {}, "sha512-nvhrzqRYqFcC3AJbf1fENc/jzyMk95wH9UC9ruQzTZCq+itYWuHi2a9leK/bC1lLfi+R4a28wJZxpD5KiTFf+w=="],
  }
}
